// !$*UTF8*$!
{
	archiveVersion = 1;
	classes = {
	};
	objectVersion = 46;
	objects = {

/* Begin PBXBuildFile section */
		092571DB1BF5BDE900687A08 /* FangYuan.swift in Sources */ = {isa = PBXBuildFile; fileRef = 092571DA1BF5BDE900687A08 /* FangYuan.swift */; };
		094CB4051BDB5FA9004FD310 /* UICollectionView+Halo.swift in Sources */ = {isa = PBXBuildFile; fileRef = 094CB4041BDB5FA9004FD310 /* UICollectionView+Halo.swift */; };
		094CB4071BDB5FEC004FD310 /* UICollectionViewCell+Halo.swift in Sources */ = {isa = PBXBuildFile; fileRef = 094CB4061BDB5FEC004FD310 /* UICollectionViewCell+Halo.swift */; };
		0973AC491C44E08A00ABBB00 /* Alert.swift in Sources */ = {isa = PBXBuildFile; fileRef = 0973AC481C44E08A00ABBB00 /* Alert.swift */; };
		097C39911BC385A400FD4AF2 /* CollectionType+Halo.swift in Sources */ = {isa = PBXBuildFile; fileRef = 097C39901BC385A400FD4AF2 /* CollectionType+Halo.swift */; };
		097C39991BC3991500FD4AF2 /* HaloTests.swift in Sources */ = {isa = PBXBuildFile; fileRef = 097C39981BC3991500FD4AF2 /* HaloTests.swift */; };
		097C399B1BC3991500FD4AF2 /* Halo.framework in Frameworks */ = {isa = PBXBuildFile; fileRef = 09DC29EF1B989A410045615F /* Halo.framework */; };
		097DDB741BF48D8500B02E30 /* UIView+FangYuan.swift in Sources */ = {isa = PBXBuildFile; fileRef = 097DDB731BF48D8500B02E30 /* UIView+FangYuan.swift */; };
		0981337E1BDF666400038EAE /* UILabel+Halo.swift in Sources */ = {isa = PBXBuildFile; fileRef = 0981337D1BDF666400038EAE /* UILabel+Halo.swift */; };
		098274B31BD5EFA400195B3B /* UINavigationController+Halo.swift in Sources */ = {isa = PBXBuildFile; fileRef = 098274B21BD5EFA400195B3B /* UINavigationController+Halo.swift */; };
		0982C8481BF1BD3300B9A31F /* AppDelegate.swift in Sources */ = {isa = PBXBuildFile; fileRef = 0982C8471BF1BD3300B9A31F /* AppDelegate.swift */; };
		0982C84A1BF1BD3300B9A31F /* ViewController.swift in Sources */ = {isa = PBXBuildFile; fileRef = 0982C8491BF1BD3300B9A31F /* ViewController.swift */; };
		0982C84F1BF1BD3300B9A31F /* Assets.xcassets in Resources */ = {isa = PBXBuildFile; fileRef = 0982C84E1BF1BD3300B9A31F /* Assets.xcassets */; };
		0982C8521BF1BD3300B9A31F /* LaunchScreen.storyboard in Resources */ = {isa = PBXBuildFile; fileRef = 0982C8501BF1BD3300B9A31F /* LaunchScreen.storyboard */; };
		0982C8571BF1BD6600B9A31F /* Halo.framework in Frameworks */ = {isa = PBXBuildFile; fileRef = 09DC29EF1B989A410045615F /* Halo.framework */; };
		0982C8581BF1BD6600B9A31F /* Halo.framework in Embed Frameworks */ = {isa = PBXBuildFile; fileRef = 09DC29EF1B989A410045615F /* Halo.framework */; settings = {ATTRIBUTES = (CodeSignOnCopy, RemoveHeadersOnCopy, ); }; };
		09A12A5C1C44D33300C611FE /* NSDate+Halo.swift in Sources */ = {isa = PBXBuildFile; fileRef = 09A12A5B1C44D33300C611FE /* NSDate+Halo.swift */; };
		09BACC691B9C9E08001314A5 /* UIButton+Halo.swift in Sources */ = {isa = PBXBuildFile; fileRef = 09BACC571B9C9E08001314A5 /* UIButton+Halo.swift */; };
		09BACC6A1B9C9E08001314A5 /* UIColor+Halo.swift in Sources */ = {isa = PBXBuildFile; fileRef = 09BACC581B9C9E08001314A5 /* UIColor+Halo.swift */; };
		09BACC6B1B9C9E08001314A5 /* UIImage+Halo.swift in Sources */ = {isa = PBXBuildFile; fileRef = 09BACC591B9C9E08001314A5 /* UIImage+Halo.swift */; };
		09BACC6C1B9C9E08001314A5 /* Halo_HasText.swift in Sources */ = {isa = PBXBuildFile; fileRef = 09BACC5A1B9C9E08001314A5 /* Halo_HasText.swift */; };
		09BACC6D1B9C9E08001314A5 /* UIScrollView+Halo.swift in Sources */ = {isa = PBXBuildFile; fileRef = 09BACC5B1B9C9E08001314A5 /* UIScrollView+Halo.swift */; };
		09BACC6E1B9C9E08001314A5 /* UITextField+Halo.swift in Sources */ = {isa = PBXBuildFile; fileRef = 09BACC5C1B9C9E08001314A5 /* UITextField+Halo.swift */; };
		09BACC6F1B9C9E08001314A5 /* UITextView+Halo.swift in Sources */ = {isa = PBXBuildFile; fileRef = 09BACC5D1B9C9E08001314A5 /* UITextView+Halo.swift */; };
		09BACC701B9C9E08001314A5 /* UIView+Halo.swift in Sources */ = {isa = PBXBuildFile; fileRef = 09BACC5E1B9C9E08001314A5 /* UIView+Halo.swift */; };
		09BACC711B9C9E08001314A5 /* UIViewController+Halo.swift in Sources */ = {isa = PBXBuildFile; fileRef = 09BACC5F1B9C9E08001314A5 /* UIViewController+Halo.swift */; };
		09BACC7A1B9C9E53001314A5 /* CGFloatable.swift in Sources */ = {isa = PBXBuildFile; fileRef = 09BACC721B9C9E53001314A5 /* CGFloatable.swift */; };
		09BACC7F1B9C9E53001314A5 /* GCD+Halo.swift in Sources */ = {isa = PBXBuildFile; fileRef = 09BACC771B9C9E53001314A5 /* GCD+Halo.swift */; };
		09BACC811B9C9E53001314A5 /* String+Halo.swift in Sources */ = {isa = PBXBuildFile; fileRef = 09BACC791B9C9E53001314A5 /* String+Halo.swift */; };
		09BCDD7C1B9DCDA60005359C /* UIApplication+Halo.swift in Sources */ = {isa = PBXBuildFile; fileRef = 09BCDD7B1B9DCDA60005359C /* UIApplication+Halo.swift */; };
		09BCDD801B9DD1A00005359C /* UITableView+Halo.swift in Sources */ = {isa = PBXBuildFile; fileRef = 09BCDD7F1B9DD1A00005359C /* UITableView+Halo.swift */; };
		09BCDD8A1B9DD4BB0005359C /* UITableViewCell+Halo.swift in Sources */ = {isa = PBXBuildFile; fileRef = 09BCDD891B9DD4BB0005359C /* UITableViewCell+Halo.swift */; };
		09BCDD8C1B9DD55C0005359C /* UIImageView+Halo.swift in Sources */ = {isa = PBXBuildFile; fileRef = 09BCDD8B1B9DD55C0005359C /* UIImageView+Halo.swift */; };
		09DC29F51B989A410045615F /* Halo.h in Headers */ = {isa = PBXBuildFile; fileRef = 09DC29F41B989A410045615F /* Halo.h */; settings = {ATTRIBUTES = (Public, ); }; };
		09DF0AD31C906CBE000E3190 /* KeyboardObserver.swift in Sources */ = {isa = PBXBuildFile; fileRef = 09DF0AD21C906CBE000E3190 /* KeyboardObserver.swift */; };
		09FEA3BE1BC0E4EA00848413 /* Print+Halo.swift in Sources */ = {isa = PBXBuildFile; fileRef = 09FEA3BD1BC0E4EA00848413 /* Print+Halo.swift */; };
/* End PBXBuildFile section */

/* Begin PBXContainerItemProxy section */
		097C399C1BC3991500FD4AF2 /* PBXContainerItemProxy */ = {
			isa = PBXContainerItemProxy;
			containerPortal = 09DC29E61B989A410045615F /* Project object */;
			proxyType = 1;
			remoteGlobalIDString = 09DC29EE1B989A410045615F;
			remoteInfo = Halo;
		};
		0982C8591BF1BD6600B9A31F /* PBXContainerItemProxy */ = {
			isa = PBXContainerItemProxy;
			containerPortal = 09DC29E61B989A410045615F /* Project object */;
			proxyType = 1;
			remoteGlobalIDString = 09DC29EE1B989A410045615F;
			remoteInfo = Halo;
		};
/* End PBXContainerItemProxy section */

/* Begin PBXCopyFilesBuildPhase section */
		0982C85B1BF1BD6600B9A31F /* Embed Frameworks */ = {
			isa = PBXCopyFilesBuildPhase;
			buildActionMask = 2147483647;
			dstPath = "";
			dstSubfolderSpec = 10;
			files = (
				0982C8581BF1BD6600B9A31F /* Halo.framework in Embed Frameworks */,
			);
			name = "Embed Frameworks";
			runOnlyForDeploymentPostprocessing = 0;
		};
/* End PBXCopyFilesBuildPhase section */

/* Begin PBXFileReference section */
		092571DA1BF5BDE900687A08 /* FangYuan.swift */ = {isa = PBXFileReference; fileEncoding = 4; lastKnownFileType = sourcecode.swift; name = FangYuan.swift; path = FangYuan/FangYuan.swift; sourceTree = "<group>"; };
		094CB4041BDB5FA9004FD310 /* UICollectionView+Halo.swift */ = {isa = PBXFileReference; fileEncoding = 4; lastKnownFileType = sourcecode.swift; path = "UICollectionView+Halo.swift"; sourceTree = "<group>"; };
		094CB4061BDB5FEC004FD310 /* UICollectionViewCell+Halo.swift */ = {isa = PBXFileReference; fileEncoding = 4; lastKnownFileType = sourcecode.swift; path = "UICollectionViewCell+Halo.swift"; sourceTree = "<group>"; };
		0973AC481C44E08A00ABBB00 /* Alert.swift */ = {isa = PBXFileReference; fileEncoding = 4; lastKnownFileType = sourcecode.swift; path = Alert.swift; sourceTree = "<group>"; };
		097C39901BC385A400FD4AF2 /* CollectionType+Halo.swift */ = {isa = PBXFileReference; fileEncoding = 4; lastKnownFileType = sourcecode.swift; path = "CollectionType+Halo.swift"; sourceTree = "<group>"; };
		097C39961BC3991500FD4AF2 /* HaloTests.xctest */ = {isa = PBXFileReference; explicitFileType = wrapper.cfbundle; includeInIndex = 0; path = HaloTests.xctest; sourceTree = BUILT_PRODUCTS_DIR; };
		097C39981BC3991500FD4AF2 /* HaloTests.swift */ = {isa = PBXFileReference; lastKnownFileType = sourcecode.swift; path = HaloTests.swift; sourceTree = "<group>"; };
		097C399A1BC3991500FD4AF2 /* Info.plist */ = {isa = PBXFileReference; lastKnownFileType = text.plist.xml; path = Info.plist; sourceTree = "<group>"; };
		097DDB731BF48D8500B02E30 /* UIView+FangYuan.swift */ = {isa = PBXFileReference; fileEncoding = 4; lastKnownFileType = sourcecode.swift; name = "UIView+FangYuan.swift"; path = "FangYuan/UIView+FangYuan.swift"; sourceTree = "<group>"; };
		0981337D1BDF666400038EAE /* UILabel+Halo.swift */ = {isa = PBXFileReference; fileEncoding = 4; lastKnownFileType = sourcecode.swift; path = "UILabel+Halo.swift"; sourceTree = "<group>"; };
		098274B21BD5EFA400195B3B /* UINavigationController+Halo.swift */ = {isa = PBXFileReference; fileEncoding = 4; lastKnownFileType = sourcecode.swift; path = "UINavigationController+Halo.swift"; sourceTree = "<group>"; };
		0982C8451BF1BD3300B9A31F /* HaloDemo.app */ = {isa = PBXFileReference; explicitFileType = wrapper.application; includeInIndex = 0; path = HaloDemo.app; sourceTree = BUILT_PRODUCTS_DIR; };
		0982C8471BF1BD3300B9A31F /* AppDelegate.swift */ = {isa = PBXFileReference; lastKnownFileType = sourcecode.swift; path = AppDelegate.swift; sourceTree = "<group>"; };
		0982C8491BF1BD3300B9A31F /* ViewController.swift */ = {isa = PBXFileReference; lastKnownFileType = sourcecode.swift; path = ViewController.swift; sourceTree = "<group>"; };
		0982C84E1BF1BD3300B9A31F /* Assets.xcassets */ = {isa = PBXFileReference; lastKnownFileType = folder.assetcatalog; path = Assets.xcassets; sourceTree = "<group>"; };
		0982C8511BF1BD3300B9A31F /* Base */ = {isa = PBXFileReference; lastKnownFileType = file.storyboard; name = Base; path = Base.lproj/LaunchScreen.storyboard; sourceTree = "<group>"; };
		0982C8531BF1BD3300B9A31F /* Info.plist */ = {isa = PBXFileReference; lastKnownFileType = text.plist.xml; path = Info.plist; sourceTree = "<group>"; };
		09A12A5B1C44D33300C611FE /* NSDate+Halo.swift */ = {isa = PBXFileReference; fileEncoding = 4; lastKnownFileType = sourcecode.swift; path = "NSDate+Halo.swift"; sourceTree = "<group>"; };
		09BACC571B9C9E08001314A5 /* UIButton+Halo.swift */ = {isa = PBXFileReference; fileEncoding = 4; lastKnownFileType = sourcecode.swift; path = "UIButton+Halo.swift"; sourceTree = "<group>"; };
		09BACC581B9C9E08001314A5 /* UIColor+Halo.swift */ = {isa = PBXFileReference; fileEncoding = 4; lastKnownFileType = sourcecode.swift; path = "UIColor+Halo.swift"; sourceTree = "<group>"; };
		09BACC591B9C9E08001314A5 /* UIImage+Halo.swift */ = {isa = PBXFileReference; fileEncoding = 4; lastKnownFileType = sourcecode.swift; path = "UIImage+Halo.swift"; sourceTree = "<group>"; };
		09BACC5A1B9C9E08001314A5 /* Halo_HasText.swift */ = {isa = PBXFileReference; fileEncoding = 4; lastKnownFileType = sourcecode.swift; path = Halo_HasText.swift; sourceTree = "<group>"; };
		09BACC5B1B9C9E08001314A5 /* UIScrollView+Halo.swift */ = {isa = PBXFileReference; fileEncoding = 4; lastKnownFileType = sourcecode.swift; path = "UIScrollView+Halo.swift"; sourceTree = "<group>"; };
		09BACC5C1B9C9E08001314A5 /* UITextField+Halo.swift */ = {isa = PBXFileReference; fileEncoding = 4; lastKnownFileType = sourcecode.swift; path = "UITextField+Halo.swift"; sourceTree = "<group>"; };
		09BACC5D1B9C9E08001314A5 /* UITextView+Halo.swift */ = {isa = PBXFileReference; fileEncoding = 4; lastKnownFileType = sourcecode.swift; path = "UITextView+Halo.swift"; sourceTree = "<group>"; };
		09BACC5E1B9C9E08001314A5 /* UIView+Halo.swift */ = {isa = PBXFileReference; fileEncoding = 4; lastKnownFileType = sourcecode.swift; path = "UIView+Halo.swift"; sourceTree = "<group>"; };
		09BACC5F1B9C9E08001314A5 /* UIViewController+Halo.swift */ = {isa = PBXFileReference; fileEncoding = 4; lastKnownFileType = sourcecode.swift; path = "UIViewController+Halo.swift"; sourceTree = "<group>"; };
		09BACC721B9C9E53001314A5 /* CGFloatable.swift */ = {isa = PBXFileReference; fileEncoding = 4; lastKnownFileType = sourcecode.swift; path = CGFloatable.swift; sourceTree = "<group>"; };
		09BACC771B9C9E53001314A5 /* GCD+Halo.swift */ = {isa = PBXFileReference; fileEncoding = 4; lastKnownFileType = sourcecode.swift; path = "GCD+Halo.swift"; sourceTree = "<group>"; };
		09BACC791B9C9E53001314A5 /* String+Halo.swift */ = {isa = PBXFileReference; fileEncoding = 4; lastKnownFileType = sourcecode.swift; path = "String+Halo.swift"; sourceTree = "<group>"; };
		09BCDD7B1B9DCDA60005359C /* UIApplication+Halo.swift */ = {isa = PBXFileReference; fileEncoding = 4; lastKnownFileType = sourcecode.swift; path = "UIApplication+Halo.swift"; sourceTree = "<group>"; };
		09BCDD7F1B9DD1A00005359C /* UITableView+Halo.swift */ = {isa = PBXFileReference; fileEncoding = 4; lastKnownFileType = sourcecode.swift; path = "UITableView+Halo.swift"; sourceTree = "<group>"; };
		09BCDD891B9DD4BB0005359C /* UITableViewCell+Halo.swift */ = {isa = PBXFileReference; fileEncoding = 4; lastKnownFileType = sourcecode.swift; path = "UITableViewCell+Halo.swift"; sourceTree = "<group>"; };
		09BCDD8B1B9DD55C0005359C /* UIImageView+Halo.swift */ = {isa = PBXFileReference; fileEncoding = 4; lastKnownFileType = sourcecode.swift; path = "UIImageView+Halo.swift"; sourceTree = "<group>"; };
		09DC29EF1B989A410045615F /* Halo.framework */ = {isa = PBXFileReference; explicitFileType = wrapper.framework; includeInIndex = 0; path = Halo.framework; sourceTree = BUILT_PRODUCTS_DIR; };
		09DC29F31B989A410045615F /* Info.plist */ = {isa = PBXFileReference; lastKnownFileType = text.plist.xml; path = Info.plist; sourceTree = "<group>"; };
		09DC29F41B989A410045615F /* Halo.h */ = {isa = PBXFileReference; lastKnownFileType = sourcecode.c.h; path = Halo.h; sourceTree = "<group>"; };
		09DF0AD21C906CBE000E3190 /* KeyboardObserver.swift */ = {isa = PBXFileReference; fileEncoding = 4; lastKnownFileType = sourcecode.swift; name = KeyboardObserver.swift; path = Halo/Source/KeyboardObserver/KeyboardObserver.swift; sourceTree = SOURCE_ROOT; };
		09FEA3BD1BC0E4EA00848413 /* Print+Halo.swift */ = {isa = PBXFileReference; fileEncoding = 4; lastKnownFileType = sourcecode.swift; path = "Print+Halo.swift"; sourceTree = "<group>"; };
/* End PBXFileReference section */

/* Begin PBXFrameworksBuildPhase section */
		097C39931BC3991500FD4AF2 /* Frameworks */ = {
			isa = PBXFrameworksBuildPhase;
			buildActionMask = 2147483647;
			files = (
				097C399B1BC3991500FD4AF2 /* Halo.framework in Frameworks */,
			);
			runOnlyForDeploymentPostprocessing = 0;
		};
		0982C8421BF1BD3300B9A31F /* Frameworks */ = {
			isa = PBXFrameworksBuildPhase;
			buildActionMask = 2147483647;
			files = (
				0982C8571BF1BD6600B9A31F /* Halo.framework in Frameworks */,
			);
			runOnlyForDeploymentPostprocessing = 0;
		};
		09DC29EB1B989A410045615F /* Frameworks */ = {
			isa = PBXFrameworksBuildPhase;
			buildActionMask = 2147483647;
			files = (
			);
			runOnlyForDeploymentPostprocessing = 0;
		};
/* End PBXFrameworksBuildPhase section */

/* Begin PBXGroup section */
		0935E24E1BF0AC1800734EDA /* FangYuan */ = {
			isa = PBXGroup;
			children = (
				092571DA1BF5BDE900687A08 /* FangYuan.swift */,
				097DDB731BF48D8500B02E30 /* UIView+FangYuan.swift */,
			);
			name = FangYuan;
			sourceTree = "<group>";
		};
		097C39971BC3991500FD4AF2 /* HaloTests */ = {
			isa = PBXGroup;
			children = (
				097C39981BC3991500FD4AF2 /* HaloTests.swift */,
				097C399A1BC3991500FD4AF2 /* Info.plist */,
			);
			path = HaloTests;
			sourceTree = "<group>";
		};
		0982C8461BF1BD3300B9A31F /* HaloDemo */ = {
			isa = PBXGroup;
			children = (
				0982C8471BF1BD3300B9A31F /* AppDelegate.swift */,
				0982C8491BF1BD3300B9A31F /* ViewController.swift */,
				0982C84E1BF1BD3300B9A31F /* Assets.xcassets */,
				0982C8501BF1BD3300B9A31F /* LaunchScreen.storyboard */,
				0982C8531BF1BD3300B9A31F /* Info.plist */,
			);
			path = HaloDemo;
			sourceTree = "<group>";
		};
		09BACC4B1B9C9E08001314A5 /* Source */ = {
			isa = PBXGroup;
			children = (
				09BACC4C1B9C9E08001314A5 /* Swift+Halo */,
				09BACC561B9C9E08001314A5 /* UIKit+Halo */,
				09C36E131BAA844100324421 /* KeyboardObserver */,
				0935E24E1BF0AC1800734EDA /* FangYuan */,
			);
			name = Source;
			path = Halo/Source;
			sourceTree = "<group>";
		};
		09BACC4C1B9C9E08001314A5 /* Swift+Halo */ = {
			isa = PBXGroup;
			children = (
				09BACC721B9C9E53001314A5 /* CGFloatable.swift */,
				09A12A5B1C44D33300C611FE /* NSDate+Halo.swift */,
				09BACC771B9C9E53001314A5 /* GCD+Halo.swift */,
				09BACC791B9C9E53001314A5 /* String+Halo.swift */,
				09FEA3BD1BC0E4EA00848413 /* Print+Halo.swift */,
				097C39901BC385A400FD4AF2 /* CollectionType+Halo.swift */,
			);
			path = "Swift+Halo";
			sourceTree = "<group>";
		};
		09BACC561B9C9E08001314A5 /* UIKit+Halo */ = {
			isa = PBXGroup;
			children = (
				09BACC571B9C9E08001314A5 /* UIButton+Halo.swift */,
				09BCDD7F1B9DD1A00005359C /* UITableView+Halo.swift */,
				09BCDD891B9DD4BB0005359C /* UITableViewCell+Halo.swift */,
				094CB4041BDB5FA9004FD310 /* UICollectionView+Halo.swift */,
				094CB4061BDB5FEC004FD310 /* UICollectionViewCell+Halo.swift */,
				09BACC581B9C9E08001314A5 /* UIColor+Halo.swift */,
				09BACC591B9C9E08001314A5 /* UIImage+Halo.swift */,
				09BACC5A1B9C9E08001314A5 /* Halo_HasText.swift */,
				0981337D1BDF666400038EAE /* UILabel+Halo.swift */,
				09BACC5C1B9C9E08001314A5 /* UITextField+Halo.swift */,
				09BACC5D1B9C9E08001314A5 /* UITextView+Halo.swift */,
				09BACC5B1B9C9E08001314A5 /* UIScrollView+Halo.swift */,
				09BACC5E1B9C9E08001314A5 /* UIView+Halo.swift */,
				09BACC5F1B9C9E08001314A5 /* UIViewController+Halo.swift */,
				098274B21BD5EFA400195B3B /* UINavigationController+Halo.swift */,
				09BCDD8B1B9DD55C0005359C /* UIImageView+Halo.swift */,
				09BCDD7B1B9DCDA60005359C /* UIApplication+Halo.swift */,
				0973AC481C44E08A00ABBB00 /* Alert.swift */,
			);
			path = "UIKit+Halo";
			sourceTree = "<group>";
		};
		09C36E131BAA844100324421 /* KeyboardObserver */ = {
			isa = PBXGroup;
			children = (
				09DF0AD21C906CBE000E3190 /* KeyboardObserver.swift */,
			);
			name = KeyboardObserver;
			path = WCKeyboardObserver;
			sourceTree = "<group>";
		};
		09DC29E51B989A410045615F = {
			isa = PBXGroup;
			children = (
				09BACC4B1B9C9E08001314A5 /* Source */,
				09DC29F11B989A410045615F /* Halo */,
				097C39971BC3991500FD4AF2 /* HaloTests */,
				0982C8461BF1BD3300B9A31F /* HaloDemo */,
				09DC29F01B989A410045615F /* Products */,
			);
			sourceTree = "<group>";
		};
		09DC29F01B989A410045615F /* Products */ = {
			isa = PBXGroup;
			children = (
				09DC29EF1B989A410045615F /* Halo.framework */,
				097C39961BC3991500FD4AF2 /* HaloTests.xctest */,
				0982C8451BF1BD3300B9A31F /* HaloDemo.app */,
			);
			name = Products;
			sourceTree = "<group>";
		};
		09DC29F11B989A410045615F /* Halo */ = {
			isa = PBXGroup;
			children = (
				09DC29F41B989A410045615F /* Halo.h */,
				09DC29F21B989A410045615F /* Supporting Files */,
			);
			path = Halo;
			sourceTree = "<group>";
		};
		09DC29F21B989A410045615F /* Supporting Files */ = {
			isa = PBXGroup;
			children = (
				09DC29F31B989A410045615F /* Info.plist */,
			);
			name = "Supporting Files";
			sourceTree = "<group>";
		};
/* End PBXGroup section */

/* Begin PBXHeadersBuildPhase section */
		09DC29EC1B989A410045615F /* Headers */ = {
			isa = PBXHeadersBuildPhase;
			buildActionMask = 2147483647;
			files = (
				09DC29F51B989A410045615F /* Halo.h in Headers */,
			);
			runOnlyForDeploymentPostprocessing = 0;
		};
/* End PBXHeadersBuildPhase section */

/* Begin PBXNativeTarget section */
		097C39951BC3991500FD4AF2 /* HaloTests */ = {
			isa = PBXNativeTarget;
			buildConfigurationList = 097C399E1BC3991500FD4AF2 /* Build configuration list for PBXNativeTarget "HaloTests" */;
			buildPhases = (
				097C39921BC3991500FD4AF2 /* Sources */,
				097C39931BC3991500FD4AF2 /* Frameworks */,
				097C39941BC3991500FD4AF2 /* Resources */,
			);
			buildRules = (
			);
			dependencies = (
				097C399D1BC3991500FD4AF2 /* PBXTargetDependency */,
			);
			name = HaloTests;
			productName = HaloTests;
			productReference = 097C39961BC3991500FD4AF2 /* HaloTests.xctest */;
			productType = "com.apple.product-type.bundle.unit-test";
		};
		0982C8441BF1BD3300B9A31F /* HaloDemo */ = {
			isa = PBXNativeTarget;
			buildConfigurationList = 0982C8541BF1BD3300B9A31F /* Build configuration list for PBXNativeTarget "HaloDemo" */;
			buildPhases = (
				0982C8411BF1BD3300B9A31F /* Sources */,
				0982C8421BF1BD3300B9A31F /* Frameworks */,
				0982C8431BF1BD3300B9A31F /* Resources */,
				0982C85B1BF1BD6600B9A31F /* Embed Frameworks */,
			);
			buildRules = (
			);
			dependencies = (
				0982C85A1BF1BD6600B9A31F /* PBXTargetDependency */,
			);
			name = HaloDemo;
			productName = HaloDemo;
			productReference = 0982C8451BF1BD3300B9A31F /* HaloDemo.app */;
			productType = "com.apple.product-type.application";
		};
		09DC29EE1B989A410045615F /* Halo */ = {
			isa = PBXNativeTarget;
			buildConfigurationList = 09DC2A051B989A410045615F /* Build configuration list for PBXNativeTarget "Halo" */;
			buildPhases = (
				09DC29EA1B989A410045615F /* Sources */,
				09DC29EB1B989A410045615F /* Frameworks */,
				09DC29EC1B989A410045615F /* Headers */,
				09DC29ED1B989A410045615F /* Resources */,
			);
			buildRules = (
			);
			dependencies = (
			);
			name = Halo;
			productName = Halo;
			productReference = 09DC29EF1B989A410045615F /* Halo.framework */;
			productType = "com.apple.product-type.framework";
		};
/* End PBXNativeTarget section */

/* Begin PBXProject section */
		09DC29E61B989A410045615F /* Project object */ = {
			isa = PBXProject;
			attributes = {
				LastSwiftMigration = 0700;
				LastSwiftUpdateCheck = 0710;
				LastUpgradeCheck = 0700;
				ORGANIZATIONNAME = WangCe;
				TargetAttributes = {
					097C39951BC3991500FD4AF2 = {
						CreatedOnToolsVersion = 7.0.1;
					};
					0982C8441BF1BD3300B9A31F = {
						CreatedOnToolsVersion = 7.1;
					};
					09DC29EE1B989A410045615F = {
						CreatedOnToolsVersion = 6.4;
					};
				};
			};
			buildConfigurationList = 09DC29E91B989A410045615F /* Build configuration list for PBXProject "Halo" */;
			compatibilityVersion = "Xcode 3.2";
			developmentRegion = English;
			hasScannedForEncodings = 0;
			knownRegions = (
				en,
				Base,
			);
			mainGroup = 09DC29E51B989A410045615F;
			productRefGroup = 09DC29F01B989A410045615F /* Products */;
			projectDirPath = "";
			projectRoot = "";
			targets = (
				09DC29EE1B989A410045615F /* Halo */,
				097C39951BC3991500FD4AF2 /* HaloTests */,
				0982C8441BF1BD3300B9A31F /* HaloDemo */,
			);
		};
/* End PBXProject section */

/* Begin PBXResourcesBuildPhase section */
		097C39941BC3991500FD4AF2 /* Resources */ = {
			isa = PBXResourcesBuildPhase;
			buildActionMask = 2147483647;
			files = (
			);
			runOnlyForDeploymentPostprocessing = 0;
		};
		0982C8431BF1BD3300B9A31F /* Resources */ = {
			isa = PBXResourcesBuildPhase;
			buildActionMask = 2147483647;
			files = (
				0982C8521BF1BD3300B9A31F /* LaunchScreen.storyboard in Resources */,
				0982C84F1BF1BD3300B9A31F /* Assets.xcassets in Resources */,
			);
			runOnlyForDeploymentPostprocessing = 0;
		};
		09DC29ED1B989A410045615F /* Resources */ = {
			isa = PBXResourcesBuildPhase;
			buildActionMask = 2147483647;
			files = (
			);
			runOnlyForDeploymentPostprocessing = 0;
		};
/* End PBXResourcesBuildPhase section */

/* Begin PBXSourcesBuildPhase section */
		097C39921BC3991500FD4AF2 /* Sources */ = {
			isa = PBXSourcesBuildPhase;
			buildActionMask = 2147483647;
			files = (
				097C39991BC3991500FD4AF2 /* HaloTests.swift in Sources */,
			);
			runOnlyForDeploymentPostprocessing = 0;
		};
		0982C8411BF1BD3300B9A31F /* Sources */ = {
			isa = PBXSourcesBuildPhase;
			buildActionMask = 2147483647;
			files = (
				0982C84A1BF1BD3300B9A31F /* ViewController.swift in Sources */,
				0982C8481BF1BD3300B9A31F /* AppDelegate.swift in Sources */,
			);
			runOnlyForDeploymentPostprocessing = 0;
		};
		09DC29EA1B989A410045615F /* Sources */ = {
			isa = PBXSourcesBuildPhase;
			buildActionMask = 2147483647;
			files = (
				094CB4051BDB5FA9004FD310 /* UICollectionView+Halo.swift in Sources */,
				09BACC6C1B9C9E08001314A5 /* Halo_HasText.swift in Sources */,
				09DF0AD31C906CBE000E3190 /* KeyboardObserver.swift in Sources */,
				097C39911BC385A400FD4AF2 /* CollectionType+Halo.swift in Sources */,
				09BACC6D1B9C9E08001314A5 /* UIScrollView+Halo.swift in Sources */,
				09FEA3BE1BC0E4EA00848413 /* Print+Halo.swift in Sources */,
				09BACC701B9C9E08001314A5 /* UIView+Halo.swift in Sources */,
				09BACC6B1B9C9E08001314A5 /* UIImage+Halo.swift in Sources */,
				09BCDD7C1B9DCDA60005359C /* UIApplication+Halo.swift in Sources */,
				09A12A5C1C44D33300C611FE /* NSDate+Halo.swift in Sources */,
				0973AC491C44E08A00ABBB00 /* Alert.swift in Sources */,
				0981337E1BDF666400038EAE /* UILabel+Halo.swift in Sources */,
				09BACC7F1B9C9E53001314A5 /* GCD+Halo.swift in Sources */,
				098274B31BD5EFA400195B3B /* UINavigationController+Halo.swift in Sources */,
				094CB4071BDB5FEC004FD310 /* UICollectionViewCell+Halo.swift in Sources */,
				097DDB741BF48D8500B02E30 /* UIView+FangYuan.swift in Sources */,
				09BACC691B9C9E08001314A5 /* UIButton+Halo.swift in Sources */,
				092571DB1BF5BDE900687A08 /* FangYuan.swift in Sources */,
				09BACC6E1B9C9E08001314A5 /* UITextField+Halo.swift in Sources */,
				09BACC811B9C9E53001314A5 /* String+Halo.swift in Sources */,
				09BCDD8A1B9DD4BB0005359C /* UITableViewCell+Halo.swift in Sources */,
				09BACC711B9C9E08001314A5 /* UIViewController+Halo.swift in Sources */,
				09BACC6F1B9C9E08001314A5 /* UITextView+Halo.swift in Sources */,
				09BCDD8C1B9DD55C0005359C /* UIImageView+Halo.swift in Sources */,
				09BCDD801B9DD1A00005359C /* UITableView+Halo.swift in Sources */,
				09BACC7A1B9C9E53001314A5 /* CGFloatable.swift in Sources */,
				09BACC6A1B9C9E08001314A5 /* UIColor+Halo.swift in Sources */,
			);
			runOnlyForDeploymentPostprocessing = 0;
		};
/* End PBXSourcesBuildPhase section */

/* Begin PBXTargetDependency section */
		097C399D1BC3991500FD4AF2 /* PBXTargetDependency */ = {
			isa = PBXTargetDependency;
			target = 09DC29EE1B989A410045615F /* Halo */;
			targetProxy = 097C399C1BC3991500FD4AF2 /* PBXContainerItemProxy */;
		};
		0982C85A1BF1BD6600B9A31F /* PBXTargetDependency */ = {
			isa = PBXTargetDependency;
			target = 09DC29EE1B989A410045615F /* Halo */;
			targetProxy = 0982C8591BF1BD6600B9A31F /* PBXContainerItemProxy */;
		};
/* End PBXTargetDependency section */

/* Begin PBXVariantGroup section */
		0982C8501BF1BD3300B9A31F /* LaunchScreen.storyboard */ = {
			isa = PBXVariantGroup;
			children = (
				0982C8511BF1BD3300B9A31F /* Base */,
			);
			name = LaunchScreen.storyboard;
			sourceTree = "<group>";
		};
/* End PBXVariantGroup section */

/* Begin XCBuildConfiguration section */
		097C399F1BC3991500FD4AF2 /* Debug */ = {
			isa = XCBuildConfiguration;
			buildSettings = {
				DEBUG_INFORMATION_FORMAT = dwarf;
				INFOPLIST_FILE = HaloTests/Info.plist;
				IPHONEOS_DEPLOYMENT_TARGET = 9.0;
				LD_RUNPATH_SEARCH_PATHS = "$(inherited) @executable_path/Frameworks @loader_path/Frameworks";
				PRODUCT_BUNDLE_IDENTIFIER = HaloWang.HaloTests;
				PRODUCT_NAME = "$(TARGET_NAME)";
			};
			name = Debug;
		};
		097C39A01BC3991500FD4AF2 /* Release */ = {
			isa = XCBuildConfiguration;
			buildSettings = {
				INFOPLIST_FILE = HaloTests/Info.plist;
				IPHONEOS_DEPLOYMENT_TARGET = 9.0;
				LD_RUNPATH_SEARCH_PATHS = "$(inherited) @executable_path/Frameworks @loader_path/Frameworks";
				PRODUCT_BUNDLE_IDENTIFIER = HaloWang.HaloTests;
				PRODUCT_NAME = "$(TARGET_NAME)";
			};
			name = Release;
		};
		0982C8551BF1BD3300B9A31F /* Debug */ = {
			isa = XCBuildConfiguration;
			buildSettings = {
				ASSETCATALOG_COMPILER_APPICON_NAME = AppIcon;
				DEBUG_INFORMATION_FORMAT = dwarf;
				EMBEDDED_CONTENT_CONTAINS_SWIFT = YES;
				INFOPLIST_FILE = HaloDemo/Info.plist;
				IPHONEOS_DEPLOYMENT_TARGET = 9.1;
				LD_RUNPATH_SEARCH_PATHS = "$(inherited) @executable_path/Frameworks";
				PRODUCT_BUNDLE_IDENTIFIER = HaloWang.HaloDemo;
				PRODUCT_NAME = "$(TARGET_NAME)";
			};
			name = Debug;
		};
		0982C8561BF1BD3300B9A31F /* Release */ = {
			isa = XCBuildConfiguration;
			buildSettings = {
				ASSETCATALOG_COMPILER_APPICON_NAME = AppIcon;
				EMBEDDED_CONTENT_CONTAINS_SWIFT = YES;
				INFOPLIST_FILE = HaloDemo/Info.plist;
				IPHONEOS_DEPLOYMENT_TARGET = 9.1;
				LD_RUNPATH_SEARCH_PATHS = "$(inherited) @executable_path/Frameworks";
				PRODUCT_BUNDLE_IDENTIFIER = HaloWang.HaloDemo;
				PRODUCT_NAME = "$(TARGET_NAME)";
			};
			name = Release;
		};
		09DC2A031B989A410045615F /* Debug */ = {
			isa = XCBuildConfiguration;
			buildSettings = {
				ALWAYS_SEARCH_USER_PATHS = NO;
				CLANG_CXX_LANGUAGE_STANDARD = "gnu++0x";
				CLANG_CXX_LIBRARY = "libc++";
				CLANG_ENABLE_MODULES = YES;
				CLANG_ENABLE_OBJC_ARC = YES;
				CLANG_WARN_BOOL_CONVERSION = YES;
				CLANG_WARN_CONSTANT_CONVERSION = YES;
				CLANG_WARN_DIRECT_OBJC_ISA_USAGE = YES_ERROR;
				CLANG_WARN_EMPTY_BODY = YES;
				CLANG_WARN_ENUM_CONVERSION = YES;
				CLANG_WARN_INT_CONVERSION = YES;
				CLANG_WARN_OBJC_ROOT_CLASS = YES_ERROR;
				CLANG_WARN_UNREACHABLE_CODE = YES;
				CLANG_WARN__DUPLICATE_METHOD_MATCH = YES;
				"CODE_SIGN_IDENTITY[sdk=iphoneos*]" = "iPhone Developer";
				COPY_PHASE_STRIP = NO;
				CURRENT_PROJECT_VERSION = 1;
				DEBUG_INFORMATION_FORMAT = "dwarf-with-dsym";
				ENABLE_STRICT_OBJC_MSGSEND = YES;
				ENABLE_TESTABILITY = YES;
				GCC_C_LANGUAGE_STANDARD = gnu99;
				GCC_DYNAMIC_NO_PIC = NO;
				GCC_NO_COMMON_BLOCKS = YES;
				GCC_OPTIMIZATION_LEVEL = 0;
				GCC_PREPROCESSOR_DEFINITIONS = (
					"DEBUG=1",
					"$(inherited)",
				);
				GCC_SYMBOLS_PRIVATE_EXTERN = NO;
				GCC_WARN_64_TO_32_BIT_CONVERSION = YES;
				GCC_WARN_ABOUT_RETURN_TYPE = YES_ERROR;
				GCC_WARN_UNDECLARED_SELECTOR = YES;
				GCC_WARN_UNINITIALIZED_AUTOS = YES_AGGRESSIVE;
				GCC_WARN_UNUSED_FUNCTION = YES;
				GCC_WARN_UNUSED_VARIABLE = YES;
				IPHONEOS_DEPLOYMENT_TARGET = 8.4;
				MTL_ENABLE_DEBUG_INFO = YES;
				ONLY_ACTIVE_ARCH = YES;
				SDKROOT = iphoneos;
				SWIFT_OPTIMIZATION_LEVEL = "-Onone";
				TARGETED_DEVICE_FAMILY = "1,2";
				VERSIONING_SYSTEM = "apple-generic";
				VERSION_INFO_PREFIX = "";
			};
			name = Debug;
		};
		09DC2A041B989A410045615F /* Release */ = {
			isa = XCBuildConfiguration;
			buildSettings = {
				ALWAYS_SEARCH_USER_PATHS = NO;
				CLANG_CXX_LANGUAGE_STANDARD = "gnu++0x";
				CLANG_CXX_LIBRARY = "libc++";
				CLANG_ENABLE_MODULES = YES;
				CLANG_ENABLE_OBJC_ARC = YES;
				CLANG_WARN_BOOL_CONVERSION = YES;
				CLANG_WARN_CONSTANT_CONVERSION = YES;
				CLANG_WARN_DIRECT_OBJC_ISA_USAGE = YES_ERROR;
				CLANG_WARN_EMPTY_BODY = YES;
				CLANG_WARN_ENUM_CONVERSION = YES;
				CLANG_WARN_INT_CONVERSION = YES;
				CLANG_WARN_OBJC_ROOT_CLASS = YES_ERROR;
				CLANG_WARN_UNREACHABLE_CODE = YES;
				CLANG_WARN__DUPLICATE_METHOD_MATCH = YES;
				"CODE_SIGN_IDENTITY[sdk=iphoneos*]" = "iPhone Developer";
				COPY_PHASE_STRIP = NO;
				CURRENT_PROJECT_VERSION = 1;
				DEBUG_INFORMATION_FORMAT = "dwarf-with-dsym";
				ENABLE_NS_ASSERTIONS = NO;
				ENABLE_STRICT_OBJC_MSGSEND = YES;
				GCC_C_LANGUAGE_STANDARD = gnu99;
				GCC_NO_COMMON_BLOCKS = YES;
				GCC_WARN_64_TO_32_BIT_CONVERSION = YES;
				GCC_WARN_ABOUT_RETURN_TYPE = YES_ERROR;
				GCC_WARN_UNDECLARED_SELECTOR = YES;
				GCC_WARN_UNINITIALIZED_AUTOS = YES_AGGRESSIVE;
				GCC_WARN_UNUSED_FUNCTION = YES;
				GCC_WARN_UNUSED_VARIABLE = YES;
				IPHONEOS_DEPLOYMENT_TARGET = 8.4;
				MTL_ENABLE_DEBUG_INFO = NO;
				SDKROOT = iphoneos;
				TARGETED_DEVICE_FAMILY = "1,2";
				VALIDATE_PRODUCT = YES;
				VERSIONING_SYSTEM = "apple-generic";
				VERSION_INFO_PREFIX = "";
			};
			name = Release;
		};
		09DC2A061B989A410045615F /* Debug */ = {
			isa = XCBuildConfiguration;
			buildSettings = {
				CLANG_ENABLE_MODULES = YES;
				DEFINES_MODULE = YES;
				DYLIB_COMPATIBILITY_VERSION = 1;
				DYLIB_CURRENT_VERSION = 1;
				DYLIB_INSTALL_NAME_BASE = "@rpath";
				INFOPLIST_FILE = Halo/Info.plist;
				INSTALL_PATH = "$(LOCAL_LIBRARY_DIR)/Frameworks";
				IPHONEOS_DEPLOYMENT_TARGET = 8.0;
				LD_RUNPATH_SEARCH_PATHS = "$(inherited) @executable_path/Frameworks @loader_path/Frameworks";
				PRODUCT_BUNDLE_IDENTIFIER = "WangCe.$(PRODUCT_NAME:rfc1034identifier)";
				PRODUCT_NAME = "$(TARGET_NAME)";
				SKIP_INSTALL = YES;
				SWIFT_OPTIMIZATION_LEVEL = "-Onone";
			};
			name = Debug;
		};
		09DC2A071B989A410045615F /* Release */ = {
			isa = XCBuildConfiguration;
			buildSettings = {
				CLANG_ENABLE_MODULES = YES;
				DEFINES_MODULE = YES;
				DYLIB_COMPATIBILITY_VERSION = 1;
				DYLIB_CURRENT_VERSION = 1;
				DYLIB_INSTALL_NAME_BASE = "@rpath";
				INFOPLIST_FILE = Halo/Info.plist;
				INSTALL_PATH = "$(LOCAL_LIBRARY_DIR)/Frameworks";
				IPHONEOS_DEPLOYMENT_TARGET = 8.0;
				LD_RUNPATH_SEARCH_PATHS = "$(inherited) @executable_path/Frameworks @loader_path/Frameworks";
				PRODUCT_BUNDLE_IDENTIFIER = "WangCe.$(PRODUCT_NAME:rfc1034identifier)";
				PRODUCT_NAME = "$(TARGET_NAME)";
				SKIP_INSTALL = YES;
			};
			name = Release;
		};
/* End XCBuildConfiguration section */

/* Begin XCConfigurationList section */
		097C399E1BC3991500FD4AF2 /* Build configuration list for PBXNativeTarget "HaloTests" */ = {
			isa = XCConfigurationList;
			buildConfigurations = (
				097C399F1BC3991500FD4AF2 /* Debug */,
				097C39A01BC3991500FD4AF2 /* Release */,
			);
			defaultConfigurationIsVisible = 0;
			defaultConfigurationName = Release;
		};
		0982C8541BF1BD3300B9A31F /* Build configuration list for PBXNativeTarget "HaloDemo" */ = {
			isa = XCConfigurationList;
			buildConfigurations = (
				0982C8551BF1BD3300B9A31F /* Debug */,
				0982C8561BF1BD3300B9A31F /* Release */,
			);
			defaultConfigurationIsVisible = 0;
			defaultConfigurationName = Release;
		};
		09DC29E91B989A410045615F /* Build configuration list for PBXProject "Halo" */ = {
			isa = XCConfigurationList;
			buildConfigurations = (
				09DC2A031B989A410045615F /* Debug */,
				09DC2A041B989A410045615F /* Release */,
			);
			defaultConfigurationIsVisible = 0;
			defaultConfigurationName = Release;
		};
		09DC2A051B989A410045615F /* Build configuration list for PBXNativeTarget "Halo" */ = {
			isa = XCConfigurationList;
			buildConfigurations = (
				09DC2A061B989A410045615F /* Debug */,
				09DC2A071B989A410045615F /* Release */,
			);
			defaultConfigurationIsVisible = 0;
			defaultConfigurationName = Release;
		};
/* End XCConfigurationList section */
	};
	rootObject = 09DC29E61B989A410045615F /* Project object */;
}
