// !$*UTF8*$!
{
	archiveVersion = 1;
	classes = {
	};
	objectVersion = 46;
	objects = {

/* Begin PBXBuildFile section */
		097C394C1BC3781E00FD4AF2 /* AppDelegate.swift in Sources */ = {isa = PBXBuildFile; fileRef = 097C394B1BC3781E00FD4AF2 /* AppDelegate.swift */; };
		097C394E1BC3781E00FD4AF2 /* ViewController.swift in Sources */ = {isa = PBXBuildFile; fileRef = 097C394D1BC3781E00FD4AF2 /* ViewController.swift */; };
		097C39511BC3781E00FD4AF2 /* Main.storyboard in Resources */ = {isa = PBXBuildFile; fileRef = 097C394F1BC3781E00FD4AF2 /* Main.storyboard */; };
		097C39531BC3781E00FD4AF2 /* Assets.xcassets in Resources */ = {isa = PBXBuildFile; fileRef = 097C39521BC3781E00FD4AF2 /* Assets.xcassets */; };
		097C39561BC3781E00FD4AF2 /* LaunchScreen.storyboard in Resources */ = {isa = PBXBuildFile; fileRef = 097C39541BC3781E00FD4AF2 /* LaunchScreen.storyboard */; };
		097C398E1BC3790C00FD4AF2 /* Halo.framework in Frameworks */ = {isa = PBXBuildFile; fileRef = 097C398D1BC3790C00FD4AF2 /* Halo.framework */; };
		097C398F1BC3790C00FD4AF2 /* Halo.framework in Embed Frameworks */ = {isa = PBXBuildFile; fileRef = 097C398D1BC3790C00FD4AF2 /* Halo.framework */; settings = {ATTRIBUTES = (CodeSignOnCopy, RemoveHeadersOnCopy, ); }; };
/* End PBXBuildFile section */

/* Begin PBXCopyFilesBuildPhase section */
		097C398C1BC378AD00FD4AF2 /* Embed Frameworks */ = {
			isa = PBXCopyFilesBuildPhase;
			buildActionMask = 2147483647;
			dstPath = "";
			dstSubfolderSpec = 10;
			files = (
				097C398F1BC3790C00FD4AF2 /* Halo.framework in Embed Frameworks */,
			);
			name = "Embed Frameworks";
			runOnlyForDeploymentPostprocessing = 0;
		};
/* End PBXCopyFilesBuildPhase section */

/* Begin PBXFileReference section */
		097C39481BC3781E00FD4AF2 /* Example.app */ = {isa = PBXFileReference; explicitFileType = wrapper.application; includeInIndex = 0; path = Example.app; sourceTree = BUILT_PRODUCTS_DIR; };
		097C394B1BC3781E00FD4AF2 /* AppDelegate.swift */ = {isa = PBXFileReference; lastKnownFileType = sourcecode.swift; path = AppDelegate.swift; sourceTree = "<group>"; };
		097C394D1BC3781E00FD4AF2 /* ViewController.swift */ = {isa = PBXFileReference; lastKnownFileType = sourcecode.swift; path = ViewController.swift; sourceTree = "<group>"; };
		097C39501BC3781E00FD4AF2 /* Base */ = {isa = PBXFileReference; lastKnownFileType = file.storyboard; name = Base; path = Base.lproj/Main.storyboard; sourceTree = "<group>"; };
		097C39521BC3781E00FD4AF2 /* Assets.xcassets */ = {isa = PBXFileReference; lastKnownFileType = folder.assetcatalog; path = Assets.xcassets; sourceTree = "<group>"; };
		097C39551BC3781E00FD4AF2 /* Base */ = {isa = PBXFileReference; lastKnownFileType = file.storyboard; name = Base; path = Base.lproj/LaunchScreen.storyboard; sourceTree = "<group>"; };
		097C39571BC3781E00FD4AF2 /* Info.plist */ = {isa = PBXFileReference; lastKnownFileType = text.plist.xml; path = Info.plist; sourceTree = "<group>"; };
		097C398D1BC3790C00FD4AF2 /* Halo.framework */ = {isa = PBXFileReference; lastKnownFileType = wrapper.framework; name = Halo.framework; path = Carthage/Build/iOS/Halo.framework; sourceTree = "<group>"; };
/* End PBXFileReference section */

/* Begin PBXFrameworksBuildPhase section */
		097C39451BC3781E00FD4AF2 /* Frameworks */ = {
			isa = PBXFrameworksBuildPhase;
			buildActionMask = 2147483647;
			files = (
				097C398E1BC3790C00FD4AF2 /* Halo.framework in Frameworks */,
			);
			runOnlyForDeploymentPostprocessing = 0;
		};
/* End PBXFrameworksBuildPhase section */

/* Begin PBXGroup section */
		097C393F1BC3781E00FD4AF2 = {
			isa = PBXGroup;
			children = (
				097C398D1BC3790C00FD4AF2 /* Halo.framework */,
				097C394A1BC3781E00FD4AF2 /* Example */,
				097C39491BC3781E00FD4AF2 /* Products */,
			);
			sourceTree = "<group>";
		};
		097C39491BC3781E00FD4AF2 /* Products */ = {
			isa = PBXGroup;
			children = (
				097C39481BC3781E00FD4AF2 /* Example.app */,
			);
			name = Products;
			sourceTree = "<group>";
		};
		097C394A1BC3781E00FD4AF2 /* Example */ = {
			isa = PBXGroup;
			children = (
				097C394B1BC3781E00FD4AF2 /* AppDelegate.swift */,
				097C394D1BC3781E00FD4AF2 /* ViewController.swift */,
				097C394F1BC3781E00FD4AF2 /* Main.storyboard */,
				097C39521BC3781E00FD4AF2 /* Assets.xcassets */,
				097C39541BC3781E00FD4AF2 /* LaunchScreen.storyboard */,
				097C39571BC3781E00FD4AF2 /* Info.plist */,
			);
			path = Example;
			sourceTree = "<group>";
		};
/* End PBXGroup section */

/* Begin PBXNativeTarget section */
		097C39471BC3781E00FD4AF2 /* Example */ = {
			isa = PBXNativeTarget;
			buildConfigurationList = 097C39701BC3781E00FD4AF2 /* Build configuration list for PBXNativeTarget "Example" */;
			buildPhases = (
				097C39441BC3781E00FD4AF2 /* Sources */,
				097C39451BC3781E00FD4AF2 /* Frameworks */,
				097C39461BC3781E00FD4AF2 /* Resources */,
				097C398C1BC378AD00FD4AF2 /* Embed Frameworks */,
			);
			buildRules = (
			);
			dependencies = (
			);
			name = Example;
			productName = Example;
			productReference = 097C39481BC3781E00FD4AF2 /* Example.app */;
			productType = "com.apple.product-type.application";
		};
/* End PBXNativeTarget section */

/* Begin PBXProject section */
		097C39401BC3781E00FD4AF2 /* Project object */ = {
			isa = PBXProject;
			attributes = {
				LastUpgradeCheck = 0700;
				ORGANIZATIONNAME = "王策";
				TargetAttributes = {
					097C39471BC3781E00FD4AF2 = {
						CreatedOnToolsVersion = 7.0.1;
					};
				};
			};
			buildConfigurationList = 097C39431BC3781E00FD4AF2 /* Build configuration list for PBXProject "Example" */;
			compatibilityVersion = "Xcode 3.2";
			developmentRegion = English;
			hasScannedForEncodings = 0;
			knownRegions = (
				en,
				Base,
			);
			mainGroup = 097C393F1BC3781E00FD4AF2;
			productRefGroup = 097C39491BC3781E00FD4AF2 /* Products */;
			projectDirPath = "";
			projectRoot = "";
			targets = (
				097C39471BC3781E00FD4AF2 /* Example */,
			);
		};
/* End PBXProject section */

/* Begin PBXResourcesBuildPhase section */
		097C39461BC3781E00FD4AF2 /* Resources */ = {
			isa = PBXResourcesBuildPhase;
			buildActionMask = 2147483647;
			files = (
				097C39561BC3781E00FD4AF2 /* LaunchScreen.storyboard in Resources */,
				097C39531BC3781E00FD4AF2 /* Assets.xcassets in Resources */,
				097C39511BC3781E00FD4AF2 /* Main.storyboard in Resources */,
			);
			runOnlyForDeploymentPostprocessing = 0;
		};
/* End PBXResourcesBuildPhase section */

/* Begin PBXSourcesBuildPhase section */
		097C39441BC3781E00FD4AF2 /* Sources */ = {
			isa = PBXSourcesBuildPhase;
			buildActionMask = 2147483647;
			files = (
				097C394E1BC3781E00FD4AF2 /* ViewController.swift in Sources */,
				097C394C1BC3781E00FD4AF2 /* AppDelegate.swift in Sources */,
			);
			runOnlyForDeploymentPostprocessing = 0;
		};
/* End PBXSourcesBuildPhase section */

/* Begin PBXVariantGroup section */
		097C394F1BC3781E00FD4AF2 /* Main.storyboard */ = {
			isa = PBXVariantGroup;
			children = (
				097C39501BC3781E00FD4AF2 /* Base */,
			);
			name = Main.storyboard;
			sourceTree = "<group>";
		};
		097C39541BC3781E00FD4AF2 /* LaunchScreen.storyboard */ = {
			isa = PBXVariantGroup;
			children = (
				097C39551BC3781E00FD4AF2 /* Base */,
			);
			name = LaunchScreen.storyboard;
			sourceTree = "<group>";
		};
/* End PBXVariantGroup section */

/* Begin XCBuildConfiguration section */
		097C396E1BC3781E00FD4AF2 /* Debug */ = {
			isa = XCBuildConfiguration;
			buildSettings = {
				ALWAYS_SEARCH_USER_PATHS = NO;
				CLANG_CXX_LANGUAGE_STANDARD = "gnu++0x";
				CLANG_CXX_LIBRARY = "libc++";
				CLANG_ENABLE_MODULES = YES;
				CLANG_ENABLE_OBJC_ARC = YES;
				CLANG_WARN_BOOL_CONVERSION = YES;
				CLANG_WARN_CONSTANT_CONVERSION = YES;
				CLANG_WARN_DIRECT_OBJC_ISA_USAGE = YES_ERROR;
				CLANG_WARN_EMPTY_BODY = YES;
				CLANG_WARN_ENUM_CONVERSION = YES;
				CLANG_WARN_INT_CONVERSION = YES;
				CLANG_WARN_OBJC_ROOT_CLASS = YES_ERROR;
				CLANG_WARN_UNREACHABLE_CODE = YES;
				CLANG_WARN__DUPLICATE_METHOD_MATCH = YES;
				"CODE_SIGN_IDENTITY[sdk=iphoneos*]" = "iPhone Developer";
				COPY_PHASE_STRIP = NO;
				DEBUG_INFORMATION_FORMAT = dwarf;
				ENABLE_STRICT_OBJC_MSGSEND = YES;
				ENABLE_TESTABILITY = YES;
				GCC_C_LANGUAGE_STANDARD = gnu99;
				GCC_DYNAMIC_NO_PIC = NO;
				GCC_NO_COMMON_BLOCKS = YES;
				GCC_OPTIMIZATION_LEVEL = 0;
				GCC_PREPROCESSOR_DEFINITIONS = (
					"DEBUG=1",
					"$(inherited)",
				);
				GCC_WARN_64_TO_32_BIT_CONVERSION = YES;
				GCC_WARN_ABOUT_RETURN_TYPE = YES_ERROR;
				GCC_WARN_UNDECLARED_SELECTOR = YES;
				GCC_WARN_UNINITIALIZED_AUTOS = YES_AGGRESSIVE;
				GCC_WARN_UNUSED_FUNCTION = YES;
				GCC_WARN_UNUSED_VARIABLE = YES;
				IPHONEOS_DEPLOYMENT_TARGET = 9.0;
				MTL_ENABLE_DEBUG_INFO = YES;
				ONLY_ACTIVE_ARCH = YES;
				SDKROOT = iphoneos;
				SWIFT_OPTIMIZATION_LEVEL = "-Onone";
				TARGETED_DEVICE_FAMILY = "1,2";
			};
			name = Debug;
		};
		097C396F1BC3781E00FD4AF2 /* Release */ = {
			isa = XCBuildConfiguration;
			buildSettings = {
				ALWAYS_SEARCH_USER_PATHS = NO;
				CLANG_CXX_LANGUAGE_STANDARD = "gnu++0x";
				CLANG_CXX_LIBRARY = "libc++";
				CLANG_ENABLE_MODULES = YES;
				CLANG_ENABLE_OBJC_ARC = YES;
				CLANG_WARN_BOOL_CONVERSION = YES;
				CLANG_WARN_CONSTANT_CONVERSION = YES;
				CLANG_WARN_DIRECT_OBJC_ISA_USAGE = YES_ERROR;
				CLANG_WARN_EMPTY_BODY = YES;
				CLANG_WARN_ENUM_CONVERSION = YES;
				CLANG_WARN_INT_CONVERSION = YES;
				CLANG_WARN_OBJC_ROOT_CLASS = YES_ERROR;
				CLANG_WARN_UNREACHABLE_CODE = YES;
				CLANG_WARN__DUPLICATE_METHOD_MATCH = YES;
				"CODE_SIGN_IDENTITY[sdk=iphoneos*]" = "iPhone Developer";
				COPY_PHASE_STRIP = NO;
				DEBUG_INFORMATION_FORMAT = "dwarf-with-dsym";
				ENABLE_NS_ASSERTIONS = NO;
				ENABLE_STRICT_OBJC_MSGSEND = YES;
				GCC_C_LANGUAGE_STANDARD = gnu99;
				GCC_NO_COMMON_BLOCKS = YES;
				GCC_WARN_64_TO_32_BIT_CONVERSION = YES;
				GCC_WARN_ABOUT_RETURN_TYPE = YES_ERROR;
				GCC_WARN_UNDECLARED_SELECTOR = YES;
				GCC_WARN_UNINITIALIZED_AUTOS = YES_AGGRESSIVE;
				GCC_WARN_UNUSED_FUNCTION = YES;
				GCC_WARN_UNUSED_VARIABLE = YES;
				IPHONEOS_DEPLOYMENT_TARGET = 9.0;
				MTL_ENABLE_DEBUG_INFO = NO;
				SDKROOT = iphoneos;
				TARGETED_DEVICE_FAMILY = "1,2";
				VALIDATE_PRODUCT = YES;
			};
			name = Release;
		};
		097C39711BC3781E00FD4AF2 /* Debug */ = {
			isa = XCBuildConfiguration;
			buildSettings = {
				ASSETCATALOG_COMPILER_APPICON_NAME = AppIcon;
				FRAMEWORK_SEARCH_PATHS = (
					"$(inherited)",
					"$(PROJECT_DIR)/Carthage/Build/iOS",
				);
				INFOPLIST_FILE = Example/Info.plist;
				LD_RUNPATH_SEARCH_PATHS = "$(inherited) @executable_path/Frameworks";
				PRODUCT_BUNDLE_IDENTIFIER = HaloWang.Example;
				PRODUCT_NAME = "$(TARGET_NAME)";
			};
			name = Debug;
		};
		097C39721BC3781E00FD4AF2 /* Release */ = {
			isa = XCBuildConfiguration;
			buildSettings = {
				ASSETCATALOG_COMPILER_APPICON_NAME = AppIcon;
				FRAMEWORK_SEARCH_PATHS = (
					"$(inherited)",
					"$(PROJECT_DIR)/Carthage/Build/iOS",
				);
				INFOPLIST_FILE = Example/Info.plist;
				LD_RUNPATH_SEARCH_PATHS = "$(inherited) @executable_path/Frameworks";
				PRODUCT_BUNDLE_IDENTIFIER = HaloWang.Example;
				PRODUCT_NAME = "$(TARGET_NAME)";
			};
			name = Release;
		};
/* End XCBuildConfiguration section */

/* Begin XCConfigurationList section */
		097C39431BC3781E00FD4AF2 /* Build configuration list for PBXProject "Example" */ = {
			isa = XCConfigurationList;
			buildConfigurations = (
				097C396E1BC3781E00FD4AF2 /* Debug */,
				097C396F1BC3781E00FD4AF2 /* Release */,
			);
			defaultConfigurationIsVisible = 0;
			defaultConfigurationName = Release;
		};
		097C39701BC3781E00FD4AF2 /* Build configuration list for PBXNativeTarget "Example" */ = {
			isa = XCConfigurationList;
			buildConfigurations = (
				097C39711BC3781E00FD4AF2 /* Debug */,
				097C39721BC3781E00FD4AF2 /* Release */,
			);
			defaultConfigurationIsVisible = 0;
			defaultConfigurationName = Release;
		};
/* End XCConfigurationList section */
	};
	rootObject = 097C39401BC3781E00FD4AF2 /* Project object */;
}
